
Microsoft Visual Studio Solution File, Format Version 12.00
# Visual Studio Version 17
VisualStudioVersion = 17.9.34607.119
MinimumVisualStudioVersion = 10.0.40219.1
Project("{FAE04EC0-301F-11D3-BF4B-00C04F79EFBC}") = "Seminar.AbstractFactory", "Seminar.AbstractFactory\Seminar.AbstractFactory.csproj", "{8F5C8320-03B8-4A60-BF7D-1E828C662721}"
EndProject
Project("{FAE04EC0-301F-11D3-BF4B-00C04F79EFBC}") = "Output.ConsoleApp", "Output.ConsoleApp\Output.ConsoleApp.csproj", "{0A4AF2D0-C0D0-4D2A-8EE5-9958F432D5F8}"
EndProject
Project("{FAE04EC0-301F-11D3-BF4B-00C04F79EFBC}") = "Client", "Client\Client.csproj", "{542499A4-2D0E-4418-A954-258E08A9F6CF}"
EndProject
Global
	GlobalSection(SolutionConfigurationPlatforms) = preSolution
		Debug|Any CPU = Debug|Any CPU
		Release|Any CPU = Release|Any CPU
	EndGlobalSection
	GlobalSection(ProjectConfigurationPlatforms) = postSolution
		{8F5C8320-03B8-4A60-BF7D-1E828C662721}.Debug|Any CPU.ActiveCfg = Debug|Any CPU
		{8F5C8320-03B8-4A60-BF7D-1E828C662721}.Debug|Any CPU.Build.0 = Debug|Any CPU
		{8F5C8320-03B8-4A60-BF7D-1E828C662721}.Release|Any CPU.ActiveCfg = Release|Any CPU
		{8F5C8320-03B8-4A60-BF7D-1E828C662721}.Release|Any CPU.Build.0 = Release|Any CPU
		{0A4AF2D0-C0D0-4D2A-8EE5-9958F432D5F8}.Debug|Any CPU.ActiveCfg = Debug|Any CPU
		{0A4AF2D0-C0D0-4D2A-8EE5-9958F432D5F8}.Debug|Any CPU.Build.0 = Debug|Any CPU
		{0A4AF2D0-C0D0-4D2A-8EE5-9958F432D5F8}.Release|Any CPU.ActiveCfg = Release|Any CPU
		{0A4AF2D0-C0D0-4D2A-8EE5-9958F432D5F8}.Release|Any CPU.Build.0 = Release|Any CPU
		{542499A4-2D0E-4418-A954-258E08A9F6CF}.Debug|Any CPU.ActiveCfg = Debug|Any CPU
		{542499A4-2D0E-4418-A954-258E08A9F6CF}.Debug|Any CPU.Build.0 = Debug|Any CPU
		{542499A4-2D0E-4418-A954-258E08A9F6CF}.Release|Any CPU.ActiveCfg = Release|Any CPU
		{542499A4-2D0E-4418-A954-258E08A9F6CF}.Release|Any CPU.Build.0 = Release|Any CPU
	EndGlobalSection
	GlobalSection(SolutionProperties) = preSolution
		HideSolutionNode = FALSE
	EndGlobalSection
	GlobalSection(ExtensibilityGlobals) = postSolution
		SolutionGuid = {C1EBF286-8F48-4C2C-A82F-610C8D63EF53}
	EndGlobalSection
EndGlobal
